// !$*UTF8*$!
{
	archiveVersion = 1;
	classes = {
	};
	objectVersion = 55;
	objects = {

/* Begin PBXBuildFile section */
		D5B92F842888BBA500AE4F26 /* DataManager.swift in Sources */ = {isa = PBXBuildFile; fileRef = D5B92F832888BBA500AE4F26 /* DataManager.swift */; };
		D5B92F852888BBA500AE4F26 /* DataManager.swift in Sources */ = {isa = PBXBuildFile; fileRef = D5B92F832888BBA500AE4F26 /* DataManager.swift */; };
		D5B92F872888C9C600AE4F26 /* Instances.swift in Sources */ = {isa = PBXBuildFile; fileRef = D5B92F862888C9C600AE4F26 /* Instances.swift */; };
		D5B92F882888C9C600AE4F26 /* Instances.swift in Sources */ = {isa = PBXBuildFile; fileRef = D5B92F862888C9C600AE4F26 /* Instances.swift */; };
		D5B92F8A2888CC6B00AE4F26 /* VehicleViewModelTests.swift in Sources */ = {isa = PBXBuildFile; fileRef = D5B92F892888CC6B00AE4F26 /* VehicleViewModelTests.swift */; };
		D5D7A5F72880CEE400E93D28 /* SwiftUIExampleApp.swift in Sources */ = {isa = PBXBuildFile; fileRef = D5D7A5CF2880CEE300E93D28 /* SwiftUIExampleApp.swift */; };
		D5D7A5F82880CEE400E93D28 /* SwiftUIExampleApp.swift in Sources */ = {isa = PBXBuildFile; fileRef = D5D7A5CF2880CEE300E93D28 /* SwiftUIExampleApp.swift */; };
		D5D7A5F92880CEE400E93D28 /* VehicleView.swift in Sources */ = {isa = PBXBuildFile; fileRef = D5D7A5D02880CEE300E93D28 /* VehicleView.swift */; };
		D5D7A5FA2880CEE400E93D28 /* VehicleView.swift in Sources */ = {isa = PBXBuildFile; fileRef = D5D7A5D02880CEE300E93D28 /* VehicleView.swift */; };
		D5D7A5FB2880CEE400E93D28 /* Assets.xcassets in Resources */ = {isa = PBXBuildFile; fileRef = D5D7A5D12880CEE400E93D28 /* Assets.xcassets */; };
		D5D7A5FC2880CEE400E93D28 /* Assets.xcassets in Resources */ = {isa = PBXBuildFile; fileRef = D5D7A5D12880CEE400E93D28 /* Assets.xcassets */; };
		D5D7A60C2880D35A00E93D28 /* VehicleCell.swift in Sources */ = {isa = PBXBuildFile; fileRef = D5D7A60B2880D35A00E93D28 /* VehicleCell.swift */; };
		D5D7A60D2880D35A00E93D28 /* VehicleCell.swift in Sources */ = {isa = PBXBuildFile; fileRef = D5D7A60B2880D35A00E93D28 /* VehicleCell.swift */; };
		D5D7A60F2880D3BC00E93D28 /* Vehicle.swift in Sources */ = {isa = PBXBuildFile; fileRef = D5D7A60E2880D3BC00E93D28 /* Vehicle.swift */; };
		D5D7A6102880D3BC00E93D28 /* Vehicle.swift in Sources */ = {isa = PBXBuildFile; fileRef = D5D7A60E2880D3BC00E93D28 /* Vehicle.swift */; };
/* End PBXBuildFile section */

/* Begin PBXContainerItemProxy section */
		D5D7A5E42880CEE400E93D28 /* PBXContainerItemProxy */ = {
			isa = PBXContainerItemProxy;
			containerPortal = D5D7A5CA2880CEE300E93D28 /* Project object */;
			proxyType = 1;
			remoteGlobalIDString = D5D7A5D52880CEE400E93D28;
			remoteInfo = "SwiftUIExample (iOS)";
		};
		D5D7A5F02880CEE400E93D28 /* PBXContainerItemProxy */ = {
			isa = PBXContainerItemProxy;
			containerPortal = D5D7A5CA2880CEE300E93D28 /* Project object */;
			proxyType = 1;
			remoteGlobalIDString = D5D7A5DB2880CEE400E93D28;
			remoteInfo = "SwiftUIExample (macOS)";
		};
/* End PBXContainerItemProxy section */

/* Begin PBXFileReference section */
		D5B92F832888BBA500AE4F26 /* DataManager.swift */ = {isa = PBXFileReference; lastKnownFileType = sourcecode.swift; path = DataManager.swift; sourceTree = "<group>"; };
		D5B92F862888C9C600AE4F26 /* Instances.swift */ = {isa = PBXFileReference; lastKnownFileType = sourcecode.swift; path = Instances.swift; sourceTree = "<group>"; };
		D5B92F892888CC6B00AE4F26 /* VehicleViewModelTests.swift */ = {isa = PBXFileReference; lastKnownFileType = sourcecode.swift; path = VehicleViewModelTests.swift; sourceTree = "<group>"; };
		D5B92F8B2888CD1200AE4F26 /* SwiftUIExample--iOS--Info.plist */ = {isa = PBXFileReference; lastKnownFileType = text.plist; path = "SwiftUIExample--iOS--Info.plist"; sourceTree = "<group>"; };
		D5D7A5CF2880CEE300E93D28 /* SwiftUIExampleApp.swift */ = {isa = PBXFileReference; lastKnownFileType = sourcecode.swift; path = SwiftUIExampleApp.swift; sourceTree = "<group>"; };
		D5D7A5D02880CEE300E93D28 /* VehicleView.swift */ = {isa = PBXFileReference; lastKnownFileType = sourcecode.swift; path = VehicleView.swift; sourceTree = "<group>"; };
		D5D7A5D12880CEE400E93D28 /* Assets.xcassets */ = {isa = PBXFileReference; lastKnownFileType = folder.assetcatalog; path = Assets.xcassets; sourceTree = "<group>"; };
		D5D7A5D62880CEE400E93D28 /* SwiftUIExample.app */ = {isa = PBXFileReference; explicitFileType = wrapper.application; includeInIndex = 0; path = SwiftUIExample.app; sourceTree = BUILT_PRODUCTS_DIR; };
		D5D7A5DC2880CEE400E93D28 /* SwiftUIExample.app */ = {isa = PBXFileReference; explicitFileType = wrapper.application; includeInIndex = 0; path = SwiftUIExample.app; sourceTree = BUILT_PRODUCTS_DIR; };
		D5D7A5DE2880CEE400E93D28 /* macOS.entitlements */ = {isa = PBXFileReference; lastKnownFileType = text.plist.entitlements; path = macOS.entitlements; sourceTree = "<group>"; };
		D5D7A5E32880CEE400E93D28 /* Tests iOS.xctest */ = {isa = PBXFileReference; explicitFileType = wrapper.cfbundle; includeInIndex = 0; path = "Tests iOS.xctest"; sourceTree = BUILT_PRODUCTS_DIR; };
		D5D7A5EF2880CEE400E93D28 /* Tests macOS.xctest */ = {isa = PBXFileReference; explicitFileType = wrapper.cfbundle; includeInIndex = 0; path = "Tests macOS.xctest"; sourceTree = BUILT_PRODUCTS_DIR; };
		D5D7A60B2880D35A00E93D28 /* VehicleCell.swift */ = {isa = PBXFileReference; lastKnownFileType = sourcecode.swift; path = VehicleCell.swift; sourceTree = "<group>"; };
		D5D7A60E2880D3BC00E93D28 /* Vehicle.swift */ = {isa = PBXFileReference; lastKnownFileType = sourcecode.swift; path = Vehicle.swift; sourceTree = "<group>"; };
/* End PBXFileReference section */

/* Begin PBXFrameworksBuildPhase section */
		D5D7A5D32880CEE400E93D28 /* Frameworks */ = {
			isa = PBXFrameworksBuildPhase;
			buildActionMask = 2147483647;
			files = (
			);
			runOnlyForDeploymentPostprocessing = 0;
		};
		D5D7A5D92880CEE400E93D28 /* Frameworks */ = {
			isa = PBXFrameworksBuildPhase;
			buildActionMask = 2147483647;
			files = (
			);
			runOnlyForDeploymentPostprocessing = 0;
		};
		D5D7A5E02880CEE400E93D28 /* Frameworks */ = {
			isa = PBXFrameworksBuildPhase;
			buildActionMask = 2147483647;
			files = (
			);
			runOnlyForDeploymentPostprocessing = 0;
		};
		D5D7A5EC2880CEE400E93D28 /* Frameworks */ = {
			isa = PBXFrameworksBuildPhase;
			buildActionMask = 2147483647;
			files = (
			);
			runOnlyForDeploymentPostprocessing = 0;
		};
/* End PBXFrameworksBuildPhase section */

/* Begin PBXGroup section */
		D5D7A5C92880CEE300E93D28 = {
			isa = PBXGroup;
			children = (
				D5B92F8B2888CD1200AE4F26 /* SwiftUIExample--iOS--Info.plist */,
				D5D7A5CE2880CEE300E93D28 /* Shared */,
				D5D7A5DD2880CEE400E93D28 /* macOS */,
				D5D7A5E62880CEE400E93D28 /* Tests iOS */,
				D5D7A5D72880CEE400E93D28 /* Products */,
			);
			sourceTree = "<group>";
		};
		D5D7A5CE2880CEE300E93D28 /* Shared */ = {
			isa = PBXGroup;
			children = (
				D5D7A5CF2880CEE300E93D28 /* SwiftUIExampleApp.swift */,
				D5B92F862888C9C600AE4F26 /* Instances.swift */,
				D5D7A5D02880CEE300E93D28 /* VehicleView.swift */,
				D5D7A60B2880D35A00E93D28 /* VehicleCell.swift */,
				D5D7A60E2880D3BC00E93D28 /* Vehicle.swift */,
				D5B92F832888BBA500AE4F26 /* DataManager.swift */,
				D5D7A5D12880CEE400E93D28 /* Assets.xcassets */,
			);
			path = Shared;
			sourceTree = "<group>";
		};
		D5D7A5D72880CEE400E93D28 /* Products */ = {
			isa = PBXGroup;
			children = (
				D5D7A5D62880CEE400E93D28 /* SwiftUIExample.app */,
				D5D7A5DC2880CEE400E93D28 /* SwiftUIExample.app */,
				D5D7A5E32880CEE400E93D28 /* Tests iOS.xctest */,
				D5D7A5EF2880CEE400E93D28 /* Tests macOS.xctest */,
			);
			name = Products;
			sourceTree = "<group>";
		};
		D5D7A5DD2880CEE400E93D28 /* macOS */ = {
			isa = PBXGroup;
			children = (
				D5D7A5DE2880CEE400E93D28 /* macOS.entitlements */,
			);
			path = macOS;
			sourceTree = "<group>";
		};
		D5D7A5E62880CEE400E93D28 /* Tests iOS */ = {
			isa = PBXGroup;
			children = (
				D5B92F892888CC6B00AE4F26 /* VehicleViewModelTests.swift */,
			);
			path = "Tests iOS";
			sourceTree = "<group>";
		};
/* End PBXGroup section */

/* Begin PBXNativeTarget section */
		D5D7A5D52880CEE400E93D28 /* SwiftUIExample (iOS) */ = {
			isa = PBXNativeTarget;
			buildConfigurationList = D5D7A5FF2880CEE400E93D28 /* Build configuration list for PBXNativeTarget "SwiftUIExample (iOS)" */;
			buildPhases = (
				D5D7A5D22880CEE400E93D28 /* Sources */,
				D5D7A5D32880CEE400E93D28 /* Frameworks */,
				D5D7A5D42880CEE400E93D28 /* Resources */,
			);
			buildRules = (
			);
			dependencies = (
			);
			name = "SwiftUIExample (iOS)";
			productName = "SwiftUIExample (iOS)";
			productReference = D5D7A5D62880CEE400E93D28 /* SwiftUIExample.app */;
			productType = "com.apple.product-type.application";
		};
		D5D7A5DB2880CEE400E93D28 /* SwiftUIExample (macOS) */ = {
			isa = PBXNativeTarget;
			buildConfigurationList = D5D7A6022880CEE400E93D28 /* Build configuration list for PBXNativeTarget "SwiftUIExample (macOS)" */;
			buildPhases = (
				D5D7A5D82880CEE400E93D28 /* Sources */,
				D5D7A5D92880CEE400E93D28 /* Frameworks */,
				D5D7A5DA2880CEE400E93D28 /* Resources */,
			);
			buildRules = (
			);
			dependencies = (
			);
			name = "SwiftUIExample (macOS)";
			productName = "SwiftUIExample (macOS)";
			productReference = D5D7A5DC2880CEE400E93D28 /* SwiftUIExample.app */;
			productType = "com.apple.product-type.application";
		};
		D5D7A5E22880CEE400E93D28 /* Tests iOS */ = {
			isa = PBXNativeTarget;
			buildConfigurationList = D5D7A6052880CEE400E93D28 /* Build configuration list for PBXNativeTarget "Tests iOS" */;
			buildPhases = (
				D5D7A5DF2880CEE400E93D28 /* Sources */,
				D5D7A5E02880CEE400E93D28 /* Frameworks */,
				D5D7A5E12880CEE400E93D28 /* Resources */,
			);
			buildRules = (
			);
			dependencies = (
				D5D7A5E52880CEE400E93D28 /* PBXTargetDependency */,
			);
			name = "Tests iOS";
			productName = "Tests iOS";
			productReference = D5D7A5E32880CEE400E93D28 /* Tests iOS.xctest */;
			productType = "com.apple.product-type.bundle.ui-testing";
		};
		D5D7A5EE2880CEE400E93D28 /* Tests macOS */ = {
			isa = PBXNativeTarget;
			buildConfigurationList = D5D7A6082880CEE400E93D28 /* Build configuration list for PBXNativeTarget "Tests macOS" */;
			buildPhases = (
				D5D7A5EB2880CEE400E93D28 /* Sources */,
				D5D7A5EC2880CEE400E93D28 /* Frameworks */,
				D5D7A5ED2880CEE400E93D28 /* Resources */,
			);
			buildRules = (
			);
			dependencies = (
				D5D7A5F12880CEE400E93D28 /* PBXTargetDependency */,
			);
			name = "Tests macOS";
			productName = "Tests macOS";
			productReference = D5D7A5EF2880CEE400E93D28 /* Tests macOS.xctest */;
			productType = "com.apple.product-type.bundle.ui-testing";
		};
/* End PBXNativeTarget section */

/* Begin PBXProject section */
		D5D7A5CA2880CEE300E93D28 /* Project object */ = {
			isa = PBXProject;
			attributes = {
				BuildIndependentTargetsInParallel = 1;
				LastSwiftUpdateCheck = 1340;
				LastUpgradeCheck = 1340;
				TargetAttributes = {
					D5D7A5D52880CEE400E93D28 = {
						CreatedOnToolsVersion = 13.4.1;
					};
					D5D7A5DB2880CEE400E93D28 = {
						CreatedOnToolsVersion = 13.4.1;
					};
					D5D7A5E22880CEE400E93D28 = {
						CreatedOnToolsVersion = 13.4.1;
						TestTargetID = D5D7A5D52880CEE400E93D28;
					};
					D5D7A5EE2880CEE400E93D28 = {
						CreatedOnToolsVersion = 13.4.1;
						TestTargetID = D5D7A5DB2880CEE400E93D28;
					};
				};
			};
			buildConfigurationList = D5D7A5CD2880CEE300E93D28 /* Build configuration list for PBXProject "SwiftUIExample" */;
			compatibilityVersion = "Xcode 13.0";
			developmentRegion = en;
			hasScannedForEncodings = 0;
			knownRegions = (
				en,
				Base,
			);
			mainGroup = D5D7A5C92880CEE300E93D28;
			productRefGroup = D5D7A5D72880CEE400E93D28 /* Products */;
			projectDirPath = "";
			projectRoot = "";
			targets = (
				D5D7A5D52880CEE400E93D28 /* SwiftUIExample (iOS) */,
				D5D7A5DB2880CEE400E93D28 /* SwiftUIExample (macOS) */,
				D5D7A5E22880CEE400E93D28 /* Tests iOS */,
				D5D7A5EE2880CEE400E93D28 /* Tests macOS */,
			);
		};
/* End PBXProject section */

/* Begin PBXResourcesBuildPhase section */
		D5D7A5D42880CEE400E93D28 /* Resources */ = {
			isa = PBXResourcesBuildPhase;
			buildActionMask = 2147483647;
			files = (
				D5D7A5FB2880CEE400E93D28 /* Assets.xcassets in Resources */,
			);
			runOnlyForDeploymentPostprocessing = 0;
		};
		D5D7A5DA2880CEE400E93D28 /* Resources */ = {
			isa = PBXResourcesBuildPhase;
			buildActionMask = 2147483647;
			files = (
				D5D7A5FC2880CEE400E93D28 /* Assets.xcassets in Resources */,
			);
			runOnlyForDeploymentPostprocessing = 0;
		};
		D5D7A5E12880CEE400E93D28 /* Resources */ = {
			isa = PBXResourcesBuildPhase;
			buildActionMask = 2147483647;
			files = (
			);
			runOnlyForDeploymentPostprocessing = 0;
		};
		D5D7A5ED2880CEE400E93D28 /* Resources */ = {
			isa = PBXResourcesBuildPhase;
			buildActionMask = 2147483647;
			files = (
			);
			runOnlyForDeploymentPostprocessing = 0;
		};
/* End PBXResourcesBuildPhase section */

/* Begin PBXSourcesBuildPhase section */
		D5D7A5D22880CEE400E93D28 /* Sources */ = {
			isa = PBXSourcesBuildPhase;
			buildActionMask = 2147483647;
			files = (
				D5D7A60F2880D3BC00E93D28 /* Vehicle.swift in Sources */,
				D5B92F842888BBA500AE4F26 /* DataManager.swift in Sources */,
				D5B92F872888C9C600AE4F26 /* Instances.swift in Sources */,
				D5D7A5F92880CEE400E93D28 /* VehicleView.swift in Sources */,
				D5D7A5F72880CEE400E93D28 /* SwiftUIExampleApp.swift in Sources */,
				D5D7A60C2880D35A00E93D28 /* VehicleCell.swift in Sources */,
			);
			runOnlyForDeploymentPostprocessing = 0;
		};
		D5D7A5D82880CEE400E93D28 /* Sources */ = {
			isa = PBXSourcesBuildPhase;
			buildActionMask = 2147483647;
			files = (
				D5D7A6102880D3BC00E93D28 /* Vehicle.swift in Sources */,
				D5B92F852888BBA500AE4F26 /* DataManager.swift in Sources */,
				D5B92F882888C9C600AE4F26 /* Instances.swift in Sources */,
				D5D7A5FA2880CEE400E93D28 /* VehicleView.swift in Sources */,
				D5D7A5F82880CEE400E93D28 /* SwiftUIExampleApp.swift in Sources */,
				D5D7A60D2880D35A00E93D28 /* VehicleCell.swift in Sources */,
			);
			runOnlyForDeploymentPostprocessing = 0;
		};
		D5D7A5DF2880CEE400E93D28 /* Sources */ = {
			isa = PBXSourcesBuildPhase;
			buildActionMask = 2147483647;
			files = (
				D5B92F8A2888CC6B00AE4F26 /* VehicleViewModelTests.swift in Sources */,
			);
			runOnlyForDeploymentPostprocessing = 0;
		};
		D5D7A5EB2880CEE400E93D28 /* Sources */ = {
			isa = PBXSourcesBuildPhase;
			buildActionMask = 2147483647;
			files = (
			);
			runOnlyForDeploymentPostprocessing = 0;
		};
/* End PBXSourcesBuildPhase section */

/* Begin PBXTargetDependency section */
		D5D7A5E52880CEE400E93D28 /* PBXTargetDependency */ = {
			isa = PBXTargetDependency;
			target = D5D7A5D52880CEE400E93D28 /* SwiftUIExample (iOS) */;
			targetProxy = D5D7A5E42880CEE400E93D28 /* PBXContainerItemProxy */;
		};
		D5D7A5F12880CEE400E93D28 /* PBXTargetDependency */ = {
			isa = PBXTargetDependency;
			target = D5D7A5DB2880CEE400E93D28 /* SwiftUIExample (macOS) */;
			targetProxy = D5D7A5F02880CEE400E93D28 /* PBXContainerItemProxy */;
		};
/* End PBXTargetDependency section */

/* Begin XCBuildConfiguration section */
		D5D7A5FD2880CEE400E93D28 /* Debug */ = {
			isa = XCBuildConfiguration;
			buildSettings = {
				ALWAYS_SEARCH_USER_PATHS = NO;
				CLANG_ANALYZER_NONNULL = YES;
				CLANG_ANALYZER_NUMBER_OBJECT_CONVERSION = YES_AGGRESSIVE;
				CLANG_CXX_LANGUAGE_STANDARD = "gnu++17";
				CLANG_ENABLE_MODULES = YES;
				CLANG_ENABLE_OBJC_ARC = YES;
				CLANG_ENABLE_OBJC_WEAK = YES;
				CLANG_WARN_BLOCK_CAPTURE_AUTORELEASING = YES;
				CLANG_WARN_BOOL_CONVERSION = YES;
				CLANG_WARN_COMMA = YES;
				CLANG_WARN_CONSTANT_CONVERSION = YES;
				CLANG_WARN_DEPRECATED_OBJC_IMPLEMENTATIONS = YES;
				CLANG_WARN_DIRECT_OBJC_ISA_USAGE = YES_ERROR;
				CLANG_WARN_DOCUMENTATION_COMMENTS = YES;
				CLANG_WARN_EMPTY_BODY = YES;
				CLANG_WARN_ENUM_CONVERSION = YES;
				CLANG_WARN_INFINITE_RECURSION = YES;
				CLANG_WARN_INT_CONVERSION = YES;
				CLANG_WARN_NON_LITERAL_NULL_CONVERSION = YES;
				CLANG_WARN_OBJC_IMPLICIT_RETAIN_SELF = YES;
				CLANG_WARN_OBJC_LITERAL_CONVERSION = YES;
				CLANG_WARN_OBJC_ROOT_CLASS = YES_ERROR;
				CLANG_WARN_QUOTED_INCLUDE_IN_FRAMEWORK_HEADER = YES;
				CLANG_WARN_RANGE_LOOP_ANALYSIS = YES;
				CLANG_WARN_STRICT_PROTOTYPES = YES;
				CLANG_WARN_SUSPICIOUS_MOVE = YES;
				CLANG_WARN_UNGUARDED_AVAILABILITY = YES_AGGRESSIVE;
				CLANG_WARN_UNREACHABLE_CODE = YES;
				CLANG_WARN__DUPLICATE_METHOD_MATCH = YES;
				COPY_PHASE_STRIP = NO;
				DEBUG_INFORMATION_FORMAT = dwarf;
				ENABLE_STRICT_OBJC_MSGSEND = YES;
				ENABLE_TESTABILITY = YES;
				GCC_C_LANGUAGE_STANDARD = gnu11;
				GCC_DYNAMIC_NO_PIC = NO;
				GCC_NO_COMMON_BLOCKS = YES;
				GCC_OPTIMIZATION_LEVEL = 0;
				GCC_PREPROCESSOR_DEFINITIONS = (
					"DEBUG=1",
					"$(inherited)",
				);
				GCC_WARN_64_TO_32_BIT_CONVERSION = YES;
				GCC_WARN_ABOUT_RETURN_TYPE = YES_ERROR;
				GCC_WARN_UNDECLARED_SELECTOR = YES;
				GCC_WARN_UNINITIALIZED_AUTOS = YES_AGGRESSIVE;
				GCC_WARN_UNUSED_FUNCTION = YES;
				GCC_WARN_UNUSED_VARIABLE = YES;
				MTL_ENABLE_DEBUG_INFO = INCLUDE_SOURCE;
				MTL_FAST_MATH = YES;
				ONLY_ACTIVE_ARCH = YES;
				SWIFT_ACTIVE_COMPILATION_CONDITIONS = DEBUG;
				SWIFT_OPTIMIZATION_LEVEL = "-Onone";
			};
			name = Debug;
		};
		D5D7A5FE2880CEE400E93D28 /* Release */ = {
			isa = XCBuildConfiguration;
			buildSettings = {
				ALWAYS_SEARCH_USER_PATHS = NO;
				CLANG_ANALYZER_NONNULL = YES;
				CLANG_ANALYZER_NUMBER_OBJECT_CONVERSION = YES_AGGRESSIVE;
				CLANG_CXX_LANGUAGE_STANDARD = "gnu++17";
				CLANG_ENABLE_MODULES = YES;
				CLANG_ENABLE_OBJC_ARC = YES;
				CLANG_ENABLE_OBJC_WEAK = YES;
				CLANG_WARN_BLOCK_CAPTURE_AUTORELEASING = YES;
				CLANG_WARN_BOOL_CONVERSION = YES;
				CLANG_WARN_COMMA = YES;
				CLANG_WARN_CONSTANT_CONVERSION = YES;
				CLANG_WARN_DEPRECATED_OBJC_IMPLEMENTATIONS = YES;
				CLANG_WARN_DIRECT_OBJC_ISA_USAGE = YES_ERROR;
				CLANG_WARN_DOCUMENTATION_COMMENTS = YES;
				CLANG_WARN_EMPTY_BODY = YES;
				CLANG_WARN_ENUM_CONVERSION = YES;
				CLANG_WARN_INFINITE_RECURSION = YES;
				CLANG_WARN_INT_CONVERSION = YES;
				CLANG_WARN_NON_LITERAL_NULL_CONVERSION = YES;
				CLANG_WARN_OBJC_IMPLICIT_RETAIN_SELF = YES;
				CLANG_WARN_OBJC_LITERAL_CONVERSION = YES;
				CLANG_WARN_OBJC_ROOT_CLASS = YES_ERROR;
				CLANG_WARN_QUOTED_INCLUDE_IN_FRAMEWORK_HEADER = YES;
				CLANG_WARN_RANGE_LOOP_ANALYSIS = YES;
				CLANG_WARN_STRICT_PROTOTYPES = YES;
				CLANG_WARN_SUSPICIOUS_MOVE = YES;
				CLANG_WARN_UNGUARDED_AVAILABILITY = YES_AGGRESSIVE;
				CLANG_WARN_UNREACHABLE_CODE = YES;
				CLANG_WARN__DUPLICATE_METHOD_MATCH = YES;
				COPY_PHASE_STRIP = NO;
				DEBUG_INFORMATION_FORMAT = "dwarf-with-dsym";
				ENABLE_NS_ASSERTIONS = NO;
				ENABLE_STRICT_OBJC_MSGSEND = YES;
				GCC_C_LANGUAGE_STANDARD = gnu11;
				GCC_NO_COMMON_BLOCKS = YES;
				GCC_WARN_64_TO_32_BIT_CONVERSION = YES;
				GCC_WARN_ABOUT_RETURN_TYPE = YES_ERROR;
				GCC_WARN_UNDECLARED_SELECTOR = YES;
				GCC_WARN_UNINITIALIZED_AUTOS = YES_AGGRESSIVE;
				GCC_WARN_UNUSED_FUNCTION = YES;
				GCC_WARN_UNUSED_VARIABLE = YES;
				MTL_ENABLE_DEBUG_INFO = NO;
				MTL_FAST_MATH = YES;
				SWIFT_COMPILATION_MODE = wholemodule;
				SWIFT_OPTIMIZATION_LEVEL = "-O";
			};
			name = Release;
		};
		D5D7A6002880CEE400E93D28 /* Debug */ = {
			isa = XCBuildConfiguration;
			buildSettings = {
				ASSETCATALOG_COMPILER_APPICON_NAME = AppIcon;
				ASSETCATALOG_COMPILER_GLOBAL_ACCENT_COLOR_NAME = AccentColor;
				CODE_SIGN_STYLE = Automatic;
				CURRENT_PROJECT_VERSION = 1;
				DEVELOPMENT_TEAM = 6TK8Q4KD6G;
				ENABLE_PREVIEWS = YES;
				GENERATE_INFOPLIST_FILE = YES;
				INFOPLIST_FILE = "SwiftUIExample--iOS--Info.plist";
				INFOPLIST_KEY_UIApplicationSceneManifest_Generation = YES;
				INFOPLIST_KEY_UIApplicationSupportsIndirectInputEvents = YES;
				INFOPLIST_KEY_UILaunchScreen_Generation = YES;
				INFOPLIST_KEY_UISupportedInterfaceOrientations_iPad = "UIInterfaceOrientationPortrait UIInterfaceOrientationPortraitUpsideDown UIInterfaceOrientationLandscapeLeft UIInterfaceOrientationLandscapeRight";
				INFOPLIST_KEY_UISupportedInterfaceOrientations_iPhone = "UIInterfaceOrientationPortrait UIInterfaceOrientationLandscapeLeft UIInterfaceOrientationLandscapeRight";
				IPHONEOS_DEPLOYMENT_TARGET = 15.5;
				LD_RUNPATH_SEARCH_PATHS = (
					"$(inherited)",
					"@executable_path/Frameworks",
				);
				MARKETING_VERSION = 1.0;
				PRODUCT_BUNDLE_IDENTIFIER = LDWE.SwiftUIExample;
				PRODUCT_NAME = SwiftUIExample;
				SDKROOT = iphoneos;
				SWIFT_EMIT_LOC_STRINGS = YES;
				SWIFT_VERSION = 5.0;
				TARGETED_DEVICE_FAMILY = 1;
			};
			name = Debug;
		};
		D5D7A6012880CEE400E93D28 /* Release */ = {
			isa = XCBuildConfiguration;
			buildSettings = {
				ASSETCATALOG_COMPILER_APPICON_NAME = AppIcon;
				ASSETCATALOG_COMPILER_GLOBAL_ACCENT_COLOR_NAME = AccentColor;
				CODE_SIGN_STYLE = Automatic;
				CURRENT_PROJECT_VERSION = 1;
				DEVELOPMENT_TEAM = 6TK8Q4KD6G;
				ENABLE_PREVIEWS = YES;
				GENERATE_INFOPLIST_FILE = YES;
				INFOPLIST_FILE = "SwiftUIExample--iOS--Info.plist";
				INFOPLIST_KEY_UIApplicationSceneManifest_Generation = YES;
				INFOPLIST_KEY_UIApplicationSupportsIndirectInputEvents = YES;
				INFOPLIST_KEY_UILaunchScreen_Generation = YES;
				INFOPLIST_KEY_UISupportedInterfaceOrientations_iPad = "UIInterfaceOrientationPortrait UIInterfaceOrientationPortraitUpsideDown UIInterfaceOrientationLandscapeLeft UIInterfaceOrientationLandscapeRight";
				INFOPLIST_KEY_UISupportedInterfaceOrientations_iPhone = "UIInterfaceOrientationPortrait UIInterfaceOrientationLandscapeLeft UIInterfaceOrientationLandscapeRight";
				IPHONEOS_DEPLOYMENT_TARGET = 15.5;
				LD_RUNPATH_SEARCH_PATHS = (
					"$(inherited)",
					"@executable_path/Frameworks",
				);
				MARKETING_VERSION = 1.0;
				PRODUCT_BUNDLE_IDENTIFIER = LDWE.SwiftUIExample;
				PRODUCT_NAME = SwiftUIExample;
				SDKROOT = iphoneos;
				SWIFT_EMIT_LOC_STRINGS = YES;
				SWIFT_VERSION = 5.0;
				TARGETED_DEVICE_FAMILY = 1;
				VALIDATE_PRODUCT = YES;
			};
			name = Release;
		};
		D5D7A6032880CEE400E93D28 /* Debug */ = {
			isa = XCBuildConfiguration;
			buildSettings = {
				ASSETCATALOG_COMPILER_APPICON_NAME = AppIcon;
				ASSETCATALOG_COMPILER_GLOBAL_ACCENT_COLOR_NAME = AccentColor;
				CODE_SIGN_ENTITLEMENTS = macOS/macOS.entitlements;
				CODE_SIGN_STYLE = Automatic;
				COMBINE_HIDPI_IMAGES = YES;
				CURRENT_PROJECT_VERSION = 1;
				DEVELOPMENT_TEAM = 6TK8Q4KD6G;
				ENABLE_HARDENED_RUNTIME = YES;
				ENABLE_PREVIEWS = YES;
				GENERATE_INFOPLIST_FILE = YES;
				INFOPLIST_KEY_NSHumanReadableCopyright = "";
				LD_RUNPATH_SEARCH_PATHS = (
					"$(inherited)",
					"@executable_path/../Frameworks",
				);
				MACOSX_DEPLOYMENT_TARGET = 12.2;
				MARKETING_VERSION = 1.0;
				PRODUCT_BUNDLE_IDENTIFIER = LDWE.SwiftUIExample;
				PRODUCT_NAME = SwiftUIExample;
				SDKROOT = macosx;
				SWIFT_EMIT_LOC_STRINGS = YES;
				SWIFT_VERSION = 5.0;
			};
			name = Debug;
		};
		D5D7A6042880CEE400E93D28 /* Release */ = {
			isa = XCBuildConfiguration;
			buildSettings = {
				ASSETCATALOG_COMPILER_APPICON_NAME = AppIcon;
				ASSETCATALOG_COMPILER_GLOBAL_ACCENT_COLOR_NAME = AccentColor;
				CODE_SIGN_ENTITLEMENTS = macOS/macOS.entitlements;
				CODE_SIGN_STYLE = Automatic;
				COMBINE_HIDPI_IMAGES = YES;
				CURRENT_PROJECT_VERSION = 1;
				DEVELOPMENT_TEAM = 6TK8Q4KD6G;
				ENABLE_HARDENED_RUNTIME = YES;
				ENABLE_PREVIEWS = YES;
				GENERATE_INFOPLIST_FILE = YES;
				INFOPLIST_KEY_NSHumanReadableCopyright = "";
				LD_RUNPATH_SEARCH_PATHS = (
					"$(inherited)",
					"@executable_path/../Frameworks",
				);
				MACOSX_DEPLOYMENT_TARGET = 12.2;
				MARKETING_VERSION = 1.0;
				PRODUCT_BUNDLE_IDENTIFIER = LDWE.SwiftUIExample;
				PRODUCT_NAME = SwiftUIExample;
				SDKROOT = macosx;
				SWIFT_EMIT_LOC_STRINGS = YES;
				SWIFT_VERSION = 5.0;
			};
			name = Release;
		};
		D5D7A6062880CEE400E93D28 /* Debug */ = {
			isa = XCBuildConfiguration;
			buildSettings = {
				ALWAYS_EMBED_SWIFT_STANDARD_LIBRARIES = YES;
				CODE_SIGN_STYLE = Automatic;
				CURRENT_PROJECT_VERSION = 1;
				DEVELOPMENT_TEAM = 6TK8Q4KD6G;
				GENERATE_INFOPLIST_FILE = YES;
				IPHONEOS_DEPLOYMENT_TARGET = 15.5;
				MARKETING_VERSION = 1.0;
				PRODUCT_BUNDLE_IDENTIFIER = "LDWE.Tests-iOS";
				PRODUCT_NAME = "$(TARGET_NAME)";
				SDKROOT = iphoneos;
				SWIFT_EMIT_LOC_STRINGS = NO;
				SWIFT_VERSION = 5.0;
				TARGETED_DEVICE_FAMILY = "1,2";
				TEST_TARGET_NAME = "SwiftUIExample (iOS)";
			};
			name = Debug;
		};
		D5D7A6072880CEE400E93D28 /* Release */ = {
			isa = XCBuildConfiguration;
			buildSettings = {
				ALWAYS_EMBED_SWIFT_STANDARD_LIBRARIES = YES;
				CODE_SIGN_STYLE = Automatic;
				CURRENT_PROJECT_VERSION = 1;
				DEVELOPMENT_TEAM = 6TK8Q4KD6G;
				GENERATE_INFOPLIST_FILE = YES;
				IPHONEOS_DEPLOYMENT_TARGET = 15.5;
				MARKETING_VERSION = 1.0;
				PRODUCT_BUNDLE_IDENTIFIER = "LDWE.Tests-iOS";
				PRODUCT_NAME = "$(TARGET_NAME)";
				SDKROOT = iphoneos;
				SWIFT_EMIT_LOC_STRINGS = NO;
				SWIFT_VERSION = 5.0;
				TARGETED_DEVICE_FAMILY = "1,2";
				TEST_TARGET_NAME = "SwiftUIExample (iOS)";
				VALIDATE_PRODUCT = YES;
			};
			name = Release;
		};
		D5D7A6092880CEE400E93D28 /* Debug */ = {
			isa = XCBuildConfiguration;
			buildSettings = {
				ALWAYS_EMBED_SWIFT_STANDARD_LIBRARIES = YES;
				CODE_SIGN_STYLE = Automatic;
				CURRENT_PROJECT_VERSION = 1;
				DEVELOPMENT_TEAM = 6TK8Q4KD6G;
				GENERATE_INFOPLIST_FILE = YES;
				MACOSX_DEPLOYMENT_TARGET = 12.2;
				MARKETING_VERSION = 1.0;
				PRODUCT_BUNDLE_IDENTIFIER = "LDWE.Tests-macOS";
				PRODUCT_NAME = "$(TARGET_NAME)";
				SDKROOT = macosx;
				SWIFT_EMIT_LOC_STRINGS = NO;
				SWIFT_VERSION = 5.0;
				TEST_TARGET_NAME = "SwiftUIExample (macOS)";
			};
			name = Debug;
		};
		D5D7A60A2880CEE400E93D28 /* Release */ = {
			isa = XCBuildConfiguration;
			buildSettings = {
				ALWAYS_EMBED_SWIFT_STANDARD_LIBRARIES = YES;
				CODE_SIGN_STYLE = Automatic;
				CURRENT_PROJECT_VERSION = 1;
				DEVELOPMENT_TEAM = 6TK8Q4KD6G;
				GENERATE_INFOPLIST_FILE = YES;
				MACOSX_DEPLOYMENT_TARGET = 12.2;
				MARKETING_VERSION = 1.0;
				PRODUCT_BUNDLE_IDENTIFIER = "LDWE.Tests-macOS";
				PRODUCT_NAME = "$(TARGET_NAME)";
				SDKROOT = macosx;
				SWIFT_EMIT_LOC_STRINGS = NO;
				SWIFT_VERSION = 5.0;
				TEST_TARGET_NAME = "SwiftUIExample (macOS)";
			};
			name = Release;
		};
/* End XCBuildConfiguration section */

/* Begin XCConfigurationList section */
		D5D7A5CD2880CEE300E93D28 /* Build configuration list for PBXProject "SwiftUIExample" */ = {
			isa = XCConfigurationList;
			buildConfigurations = (
				D5D7A5FD2880CEE400E93D28 /* Debug */,
				D5D7A5FE2880CEE400E93D28 /* Release */,
			);
			defaultConfigurationIsVisible = 0;
			defaultConfigurationName = Release;
		};
		D5D7A5FF2880CEE400E93D28 /* Build configuration list for PBXNativeTarget "SwiftUIExample (iOS)" */ = {
			isa = XCConfigurationList;
			buildConfigurations = (
				D5D7A6002880CEE400E93D28 /* Debug */,
				D5D7A6012880CEE400E93D28 /* Release */,
			);
			defaultConfigurationIsVisible = 0;
			defaultConfigurationName = Release;
		};
		D5D7A6022880CEE400E93D28 /* Build configuration list for PBXNativeTarget "SwiftUIExample (macOS)" */ = {
			isa = XCConfigurationList;
			buildConfigurations = (
				D5D7A6032880CEE400E93D28 /* Debug */,
				D5D7A6042880CEE400E93D28 /* Release */,
			);
			defaultConfigurationIsVisible = 0;
			defaultConfigurationName = Release;
		};
		D5D7A6052880CEE400E93D28 /* Build configuration list for PBXNativeTarget "Tests iOS" */ = {
			isa = XCConfigurationList;
			buildConfigurations = (
				D5D7A6062880CEE400E93D28 /* Debug */,
				D5D7A6072880CEE400E93D28 /* Release */,
			);
			defaultConfigurationIsVisible = 0;
			defaultConfigurationName = Release;
		};
		D5D7A6082880CEE400E93D28 /* Build configuration list for PBXNativeTarget "Tests macOS" */ = {
			isa = XCConfigurationList;
			buildConfigurations = (
				D5D7A6092880CEE400E93D28 /* Debug */,
				D5D7A60A2880CEE400E93D28 /* Release */,
			);
			defaultConfigurationIsVisible = 0;
			defaultConfigurationName = Release;
		};
/* End XCConfigurationList section */
	};
	rootObject = D5D7A5CA2880CEE300E93D28 /* Project object */;
}
